
Microsoft Visual Studio Solution File, Format Version 12.00
# Visual Studio Version 16
VisualStudioVersion = 16.0.31624.102
MinimumVisualStudioVersion = 10.0.40219.1
Project("{FAE04EC0-301F-11D3-BF4B-00C04F79EFBC}") = "PayManMobileApp.Android", "PayManMobileApp.Android\PayManMobileApp.Android.csproj", "{121F4493-AE94-43FA-A85F-7E3FC80AF0B3}"
EndProject
Project("{FAE04EC0-301F-11D3-BF4B-00C04F79EFBC}") = "PayManMobileApp.iOS", "PayManMobileApp.iOS\PayManMobileApp.iOS.csproj", "{757E3B25-F54D-488D-91F5-401B8B30B17E}"
EndProject
Project("{FAE04EC0-301F-11D3-BF4B-00C04F79EFBC}") = "PayManMobileApp", "PayManMobileApp\PayManMobileApp.csproj", "{AD1429CF-A59D-4297-9F5B-97F7DE49EDD6}"
EndProject
Global
	GlobalSection(SolutionConfigurationPlatforms) = preSolution
		Debug|Any CPU = Debug|Any CPU
		Debug|iPhone = Debug|iPhone
		Debug|iPhoneSimulator = Debug|iPhoneSimulator
		Release|Any CPU = Release|Any CPU
		Release|iPhone = Release|iPhone
		Release|iPhoneSimulator = Release|iPhoneSimulator
	EndGlobalSection
	GlobalSection(ProjectConfigurationPlatforms) = postSolution
		{121F4493-AE94-43FA-A85F-7E3FC80AF0B3}.Debug|Any CPU.ActiveCfg = Debug|Any CPU
		{121F4493-AE94-43FA-A85F-7E3FC80AF0B3}.Debug|Any CPU.Build.0 = Debug|Any CPU
		{121F4493-AE94-43FA-A85F-7E3FC80AF0B3}.Debug|Any CPU.Deploy.0 = Debug|Any CPU
		{121F4493-AE94-43FA-A85F-7E3FC80AF0B3}.Debug|iPhone.ActiveCfg = Debug|Any CPU
		{121F4493-AE94-43FA-A85F-7E3FC80AF0B3}.Debug|iPhone.Build.0 = Debug|Any CPU
		{121F4493-AE94-43FA-A85F-7E3FC80AF0B3}.Debug|iPhone.Deploy.0 = Debug|Any CPU
		{121F4493-AE94-43FA-A85F-7E3FC80AF0B3}.Debug|iPhoneSimulator.ActiveCfg = Debug|Any CPU
		{121F4493-AE94-43FA-A85F-7E3FC80AF0B3}.Debug|iPhoneSimulator.Build.0 = Debug|Any CPU
		{121F4493-AE94-43FA-A85F-7E3FC80AF0B3}.Debug|iPhoneSimulator.Deploy.0 = Debug|Any CPU
		{121F4493-AE94-43FA-A85F-7E3FC80AF0B3}.Release|Any CPU.ActiveCfg = Release|Any CPU
		{121F4493-AE94-43FA-A85F-7E3FC80AF0B3}.Release|Any CPU.Build.0 = Release|Any CPU
		{121F4493-AE94-43FA-A85F-7E3FC80AF0B3}.Release|Any CPU.Deploy.0 = Release|Any CPU
		{121F4493-AE94-43FA-A85F-7E3FC80AF0B3}.Release|iPhone.ActiveCfg = Release|Any CPU
		{121F4493-AE94-43FA-A85F-7E3FC80AF0B3}.Release|iPhone.Build.0 = Release|Any CPU
		{121F4493-AE94-43FA-A85F-7E3FC80AF0B3}.Release|iPhone.Deploy.0 = Release|Any CPU
		{121F4493-AE94-43FA-A85F-7E3FC80AF0B3}.Release|iPhoneSimulator.ActiveCfg = Release|Any CPU
		{121F4493-AE94-43FA-A85F-7E3FC80AF0B3}.Release|iPhoneSimulator.Build.0 = Release|Any CPU
		{121F4493-AE94-43FA-A85F-7E3FC80AF0B3}.Release|iPhoneSimulator.Deploy.0 = Release|Any CPU
		{757E3B25-F54D-488D-91F5-401B8B30B17E}.Debug|Any CPU.ActiveCfg = Debug|iPhone
		{757E3B25-F54D-488D-91F5-401B8B30B17E}.Debug|Any CPU.Build.0 = Debug|iPhone
		{757E3B25-F54D-488D-91F5-401B8B30B17E}.Debug|Any CPU.Deploy.0 = Debug|iPhone
		{757E3B25-F54D-488D-91F5-401B8B30B17E}.Debug|iPhone.ActiveCfg = Debug|iPhone
		{757E3B25-F54D-488D-91F5-401B8B30B17E}.Debug|iPhone.Build.0 = Debug|iPhone
		{757E3B25-F54D-488D-91F5-401B8B30B17E}.Debug|iPhone.Deploy.0 = Debug|iPhone
		{757E3B25-F54D-488D-91F5-401B8B30B17E}.Debug|iPhoneSimulator.ActiveCfg = Debug|iPhoneSimulator
		{757E3B25-F54D-488D-91F5-401B8B30B17E}.Debug|iPhoneSimulator.Build.0 = Debug|iPhoneSimulator
		{757E3B25-F54D-488D-91F5-401B8B30B17E}.Debug|iPhoneSimulator.Deploy.0 = Debug|iPhoneSimulator
		{757E3B25-F54D-488D-91F5-401B8B30B17E}.Release|Any CPU.ActiveCfg = Release|iPhoneSimulator
		{757E3B25-F54D-488D-91F5-401B8B30B17E}.Release|Any CPU.Build.0 = Release|iPhoneSimulator
		{757E3B25-F54D-488D-91F5-401B8B30B17E}.Release|Any CPU.Deploy.0 = Release|iPhoneSimulator
		{757E3B25-F54D-488D-91F5-401B8B30B17E}.Release|iPhone.ActiveCfg = Release|iPhone
		{757E3B25-F54D-488D-91F5-401B8B30B17E}.Release|iPhone.Build.0 = Release|iPhone
		{757E3B25-F54D-488D-91F5-401B8B30B17E}.Release|iPhone.Deploy.0 = Release|iPhone
		{757E3B25-F54D-488D-91F5-401B8B30B17E}.Release|iPhoneSimulator.ActiveCfg = Release|iPhoneSimulator
		{757E3B25-F54D-488D-91F5-401B8B30B17E}.Release|iPhoneSimulator.Build.0 = Release|iPhoneSimulator
		{757E3B25-F54D-488D-91F5-401B8B30B17E}.Release|iPhoneSimulator.Deploy.0 = Release|iPhoneSimulator
		{AD1429CF-A59D-4297-9F5B-97F7DE49EDD6}.Debug|Any CPU.ActiveCfg = Debug|Any CPU
		{AD1429CF-A59D-4297-9F5B-97F7DE49EDD6}.Debug|Any CPU.Build.0 = Debug|Any CPU
		{AD1429CF-A59D-4297-9F5B-97F7DE49EDD6}.Debug|Any CPU.Deploy.0 = Debug|Any CPU
		{AD1429CF-A59D-4297-9F5B-97F7DE49EDD6}.Debug|iPhone.ActiveCfg = Debug|Any CPU
		{AD1429CF-A59D-4297-9F5B-97F7DE49EDD6}.Debug|iPhone.Build.0 = Debug|Any CPU
		{AD1429CF-A59D-4297-9F5B-97F7DE49EDD6}.Debug|iPhone.Deploy.0 = Debug|Any CPU
		{AD1429CF-A59D-4297-9F5B-97F7DE49EDD6}.Debug|iPhoneSimulator.ActiveCfg = Debug|Any CPU
		{AD1429CF-A59D-4297-9F5B-97F7DE49EDD6}.Debug|iPhoneSimulator.Build.0 = Debug|Any CPU
		{AD1429CF-A59D-4297-9F5B-97F7DE49EDD6}.Debug|iPhoneSimulator.Deploy.0 = Debug|Any CPU
		{AD1429CF-A59D-4297-9F5B-97F7DE49EDD6}.Release|Any CPU.ActiveCfg = Release|Any CPU
		{AD1429CF-A59D-4297-9F5B-97F7DE49EDD6}.Release|Any CPU.Build.0 = Release|Any CPU
		{AD1429CF-A59D-4297-9F5B-97F7DE49EDD6}.Release|Any CPU.Deploy.0 = Release|Any CPU
		{AD1429CF-A59D-4297-9F5B-97F7DE49EDD6}.Release|iPhone.ActiveCfg = Release|Any CPU
		{AD1429CF-A59D-4297-9F5B-97F7DE49EDD6}.Release|iPhone.Build.0 = Release|Any CPU
		{AD1429CF-A59D-4297-9F5B-97F7DE49EDD6}.Release|iPhone.Deploy.0 = Release|Any CPU
		{AD1429CF-A59D-4297-9F5B-97F7DE49EDD6}.Release|iPhoneSimulator.ActiveCfg = Release|Any CPU
		{AD1429CF-A59D-4297-9F5B-97F7DE49EDD6}.Release|iPhoneSimulator.Build.0 = Release|Any CPU
		{AD1429CF-A59D-4297-9F5B-97F7DE49EDD6}.Release|iPhoneSimulator.Deploy.0 = Release|Any CPU
	EndGlobalSection
	GlobalSection(SolutionProperties) = preSolution
		HideSolutionNode = FALSE
	EndGlobalSection
	GlobalSection(ExtensibilityGlobals) = postSolution
		SolutionGuid = {0AB27762-97F6-4005-89FF-98F70A7CEF21}
	EndGlobalSection
EndGlobal
