
Microsoft Visual Studio Solution File, Format Version 12.00
# Visual Studio Version 16
VisualStudioVersion = 16.0.31624.102
MinimumVisualStudioVersion = 10.0.40219.1
Project("{9A19103F-16F7-4668-BE54-9A1E7A4F7556}") = "PayManAPI", "PayManAPI.csproj", "{ECABDA50-982E-40C0-94C2-F8542DFBFF89}"
EndProject
Project("{FAE04EC0-301F-11D3-BF4B-00C04F79EFBC}") = "PayManWebAPITest", "..\PayManWebAPITest\PayManWebAPITest.csproj", "{3978D29F-EF27-45D5-BC35-B92EEC2AA08F}"
EndProject
Global
	GlobalSection(SolutionConfigurationPlatforms) = preSolution
		Debug|Any CPU = Debug|Any CPU
		Release|Any CPU = Release|Any CPU
	EndGlobalSection
	GlobalSection(ProjectConfigurationPlatforms) = postSolution
		{ECABDA50-982E-40C0-94C2-F8542DFBFF89}.Debug|Any CPU.ActiveCfg = Debug|Any CPU
		{ECABDA50-982E-40C0-94C2-F8542DFBFF89}.Debug|Any CPU.Build.0 = Debug|Any CPU
		{ECABDA50-982E-40C0-94C2-F8542DFBFF89}.Release|Any CPU.ActiveCfg = Release|Any CPU
		{ECABDA50-982E-40C0-94C2-F8542DFBFF89}.Release|Any CPU.Build.0 = Release|Any CPU
		{3978D29F-EF27-45D5-BC35-B92EEC2AA08F}.Debug|Any CPU.ActiveCfg = Debug|Any CPU
		{3978D29F-EF27-45D5-BC35-B92EEC2AA08F}.Debug|Any CPU.Build.0 = Debug|Any CPU
		{3978D29F-EF27-45D5-BC35-B92EEC2AA08F}.Release|Any CPU.ActiveCfg = Release|Any CPU
		{3978D29F-EF27-45D5-BC35-B92EEC2AA08F}.Release|Any CPU.Build.0 = Release|Any CPU
	EndGlobalSection
	GlobalSection(SolutionProperties) = preSolution
		HideSolutionNode = FALSE
	EndGlobalSection
	GlobalSection(ExtensibilityGlobals) = postSolution
		SolutionGuid = {9C3A67EC-E367-41AC-AACE-C8E7A1F4C378}
	EndGlobalSection
EndGlobal
